
Microsoft Visual Studio Solution File, Format Version 12.00
# Visual Studio Version 17
VisualStudioVersion = 17.14.36327.8 d17.14
MinimumVisualStudioVersion = 10.0.40219.1
Project("{FAE04EC0-301F-11D3-BF4B-00C04F79EFBC}") = "UniversityExamSystem", "..\..\..\OneDrive\Desktop\ExamSystem\UniversityExamSystem.csproj", "{4E54B71A-7C6C-A331-D401-F5FF1E36A5CB}"
EndProject
Global
	GlobalSection(SolutionConfigurationPlatforms) = preSolution
		Debug|Any CPU = Debug|Any CPU
		Release|Any CPU = Release|Any CPU
	EndGlobalSection
	GlobalSection(ProjectConfigurationPlatforms) = postSolution
		{4E54B71A-7C6C-A331-D401-F5FF1E36A5CB}.Debug|Any CPU.ActiveCfg = Debug|Any CPU
		{4E54B71A-7C6C-A331-D401-F5FF1E36A5CB}.Debug|Any CPU.Build.0 = Debug|Any CPU
		{4E54B71A-7C6C-A331-D401-F5FF1E36A5CB}.Release|Any CPU.ActiveCfg = Release|Any CPU
		{4E54B71A-7C6C-A331-D401-F5FF1E36A5CB}.Release|Any CPU.Build.0 = Release|Any CPU
	EndGlobalSection
	GlobalSection(SolutionProperties) = preSolution
		HideSolutionNode = FALSE
	EndGlobalSection
	GlobalSection(ExtensibilityGlobals) = postSolution
		SolutionGuid = {853DA904-0145-4320-8FBF-FF78D781BAED}
	EndGlobalSection
EndGlobal
